
Microsoft Visual Studio Solution File, Format Version 11.00
# Visual Studio 2010
Project("{FAE04EC0-301F-11D3-BF4B-00C04F79EFBC}") = "Bumpin", "Assembly-CSharp.csproj", "{4DB90D5C-4226-B158-24B8-6280F816F27F}"
EndProject
Project("{FAE04EC0-301F-11D3-BF4B-00C04F79EFBC}") = "Bumpin", "Assembly-CSharp-Editor.csproj", "{92FDA184-0108-EAD6-AD90-A808C169C66F}"
EndProject
Global
	GlobalSection(SolutionConfigurationPlatforms) = preSolution
		Debug|Any CPU = Debug|Any CPU
		Release|Any CPU = Release|Any CPU
	EndGlobalSection
	GlobalSection(ProjectConfigurationPlatforms) = postSolution
		{4DB90D5C-4226-B158-24B8-6280F816F27F}.Debug|Any CPU.ActiveCfg = Debug|Any CPU
		{4DB90D5C-4226-B158-24B8-6280F816F27F}.Debug|Any CPU.Build.0 = Debug|Any CPU
		{4DB90D5C-4226-B158-24B8-6280F816F27F}.Release|Any CPU.ActiveCfg = Release|Any CPU
		{4DB90D5C-4226-B158-24B8-6280F816F27F}.Release|Any CPU.Build.0 = Release|Any CPU
		{92FDA184-0108-EAD6-AD90-A808C169C66F}.Debug|Any CPU.ActiveCfg = Debug|Any CPU
		{92FDA184-0108-EAD6-AD90-A808C169C66F}.Debug|Any CPU.Build.0 = Debug|Any CPU
		{92FDA184-0108-EAD6-AD90-A808C169C66F}.Release|Any CPU.ActiveCfg = Release|Any CPU
		{92FDA184-0108-EAD6-AD90-A808C169C66F}.Release|Any CPU.Build.0 = Release|Any CPU
	EndGlobalSection
	GlobalSection(SolutionProperties) = preSolution
		HideSolutionNode = FALSE
	EndGlobalSection
	GlobalSection(MonoDevelopProperties) = preSolution
		StartupItem = Assembly-CSharp.csproj
	EndGlobalSection
EndGlobal
